
Microsoft Visual Studio Solution File, Format Version 11.00
# Visual Studio 2010
Project("{FAE04EC0-301F-11D3-BF4B-00C04F79EFBC}") = "freakcode.frequency", "freakcode.frequency\freakcode.frequency.csproj", "{18BBDADA-31ED-42B4-9A20-59A11D97008C}"
EndProject
Project("{FAE04EC0-301F-11D3-BF4B-00C04F79EFBC}") = "freakcode.frequency.tests", "freakcode.frequency.tests\freakcode.frequency.tests.csproj", "{5E312DF5-0C52-483C-B38B-C4FDBAD4C58E}"
EndProject
Project("{2150E333-8FDC-42A3-9474-1A3956D46DE8}") = "Solution Items", "Solution Items", "{261A0D81-3DCD-4CBD-84F8-0957F7B5B8FA}"
	ProjectSection(SolutionItems) = preProject
		freakcode.frequency.testsettings = freakcode.frequency.testsettings
	EndProjectSection
EndProject
Global
	GlobalSection(SolutionConfigurationPlatforms) = preSolution
		Debug|Any CPU = Debug|Any CPU
		Release|Any CPU = Release|Any CPU
	EndGlobalSection
	GlobalSection(ProjectConfigurationPlatforms) = postSolution
		{18BBDADA-31ED-42B4-9A20-59A11D97008C}.Debug|Any CPU.ActiveCfg = Debug|Any CPU
		{18BBDADA-31ED-42B4-9A20-59A11D97008C}.Debug|Any CPU.Build.0 = Debug|Any CPU
		{18BBDADA-31ED-42B4-9A20-59A11D97008C}.Release|Any CPU.ActiveCfg = Release|Any CPU
		{18BBDADA-31ED-42B4-9A20-59A11D97008C}.Release|Any CPU.Build.0 = Release|Any CPU
		{5E312DF5-0C52-483C-B38B-C4FDBAD4C58E}.Debug|Any CPU.ActiveCfg = Debug|Any CPU
		{5E312DF5-0C52-483C-B38B-C4FDBAD4C58E}.Debug|Any CPU.Build.0 = Debug|Any CPU
		{5E312DF5-0C52-483C-B38B-C4FDBAD4C58E}.Release|Any CPU.ActiveCfg = Release|Any CPU
		{5E312DF5-0C52-483C-B38B-C4FDBAD4C58E}.Release|Any CPU.Build.0 = Release|Any CPU
	EndGlobalSection
	GlobalSection(SolutionProperties) = preSolution
		HideSolutionNode = FALSE
	EndGlobalSection
EndGlobal
