
Microsoft Visual Studio Solution File, Format Version 11.00
# Visual Studio 2010
Project("{FAE04EC0-301F-11D3-BF4B-00C04F79EFBC}") = "freakcode.frequency", "freakcode.frequency\freakcode.frequency.csproj", "{18BBDADA-31ED-42B4-9A20-59A11D97008C}"
EndProject
Global
	GlobalSection(SolutionConfigurationPlatforms) = preSolution
		Debug|Any CPU = Debug|Any CPU
		Release|Any CPU = Release|Any CPU
	EndGlobalSection
	GlobalSection(ProjectConfigurationPlatforms) = postSolution
		{18BBDADA-31ED-42B4-9A20-59A11D97008C}.Debug|Any CPU.ActiveCfg = Debug|Any CPU
		{18BBDADA-31ED-42B4-9A20-59A11D97008C}.Debug|Any CPU.Build.0 = Debug|Any CPU
		{18BBDADA-31ED-42B4-9A20-59A11D97008C}.Release|Any CPU.ActiveCfg = Release|Any CPU
		{18BBDADA-31ED-42B4-9A20-59A11D97008C}.Release|Any CPU.Build.0 = Release|Any CPU
	EndGlobalSection
	GlobalSection(SolutionProperties) = preSolution
		HideSolutionNode = FALSE
	EndGlobalSection
EndGlobal
